<?xml version="1.0" encoding="utf-8"?>
<Project ToolsVersion="4.0" xmlns="http://schemas.microsoft.com/developer/msbuild/2003">
  <ItemGroup>
    <Filter Include="Source Files">
      <UniqueIdentifier>{4FC737F1-C7A5-4376-A066-2A32D752A2FF}</UniqueIdentifier>
      <Extensions>cpp;c;cc;cxx;def;odl;idl;hpj;bat;asm;asmx</Extensions>
    </Filter>
    <Filter Include="Header Files">
      <UniqueIdentifier>{93995380-89BD-4b04-88EB-625FBE52EBFB}</UniqueIdentifier>
      <Extensions>h;hh;hpp;hxx;hm;inl;inc;xsd</Extensions>
    </Filter>
    <Filter Include="Resource Files">
      <UniqueIdentifier>{67DA6AB6-F800-4c08-8B7A-83BB121AAD01}</UniqueIdentifier>
      <Extensions>rc;ico;cur;bmp;dlg;rc2;rct;bin;rgs;gif;jpg;jpeg;jpe;resx;tiff;tif;png;wav;mfcribbon-ms</Extensions>
    </Filter>
    <Filter Include="src">
      <UniqueIdentifier>{41539992-efc1-4536-9c74-14d0bc406bbb}</UniqueIdentifier>
    </Filter>
    <Filter Include="src\_micro-api-readonly">
      <UniqueIdentifier>{e1c66e48-9cb9-48f6-b407-00d23243d8fd}</UniqueIdentifier>
    </Filter>
    <Filter Include="src\_micro-api-readonly\core">
      <UniqueIdentifier>{73d97752-2ac6-48e2-a15a-494b4d4246d3}</UniqueIdentifier>
    </Filter>
    <Filter Include="src\_micro-api-readonly\variants">
      <UniqueIdentifier>{24535694-f472-4e32-b2ce-456c72bc7be7}</UniqueIdentifier>
    </Filter>
    <Filter Include="src\_micro-api-readonly\variants\standard">
      <UniqueIdentifier>{fa163dfe-9f12-4ae1-939c-d81f812a679b}</UniqueIdentifier>
    </Filter>
    <Filter Include="src\_micro-api-readonly\libraries">
      <UniqueIdentifier>{403c7314-9daf-4a78-bcfb-4958ae2a9155}</UniqueIdentifier>
    </Filter>
    <Filter Include="src\_micro-api-readonly\libraries\RTClib-master">
      <UniqueIdentifier>{64a0b863-047e-4d3e-aaff-c4c5c92e29a1}</UniqueIdentifier>
    </Filter>
    <Filter Include="src\_micro-api-readonly\libraries\Wire">
      <UniqueIdentifier>{5aa4c245-f49f-4dd9-8e8c-22e0bbaaa15e}</UniqueIdentifier>
    </Filter>
    <Filter Include="src\_micro-api-readonly\libraries\Wire\src">
      <UniqueIdentifier>{2cbbf7b2-c0a7-4783-aba8-883efc9abd6d}</UniqueIdentifier>
    </Filter>
    <Filter Include="src\_micro-api-readonly\libraries\Wire\src\utility">
      <UniqueIdentifier>{70229504-cb8b-4289-9010-051ea297daa7}</UniqueIdentifier>
    </Filter>
  </ItemGroup>
  <ItemGroup>
    <None Include="SimpleSerial2.ino" />
    <None Include="..\..\..\..\..\..\Program Files (x86)\Arduino\hardware\arduino\avr\cores\arduino\wiring_pulse.S">
      <Filter>src\_micro-api-readonly\core</Filter>
    </None>
    <None Include="..\..\libraries\RTClib-master\library.properties">
      <Filter>src\_micro-api-readonly\libraries\RTClib-master</Filter>
    </None>
    <None Include="..\..\..\..\..\..\Program Files (x86)\Arduino\hardware\arduino\avr\libraries\Wire\library.properties">
      <Filter>src\_micro-api-readonly\libraries\Wire</Filter>
    </None>
  </ItemGroup>
  <ItemGroup>
    <ClInclude Include="perfStat.h">
      <Filter>Header Files</Filter>
    </ClInclude>
    <ClInclude Include="Lfsr.h">
      <Filter>Header Files</Filter>
    </ClInclude>
    <ClInclude Include="morse.h">
      <Filter>Header Files</Filter>
    </ClInclude>
    <ClInclude Include="patterns.h">
      <Filter>Header Files</Filter>
    </ClInclude>
    <ClInclude Include="timer.h">
      <Filter>Header Files</Filter>
    </ClInclude>
    <ClInclude Include="scheduler.h">
      <Filter>Header Files</Filter>
    </ClInclude>
    <ClInclude Include="rtc.h">
      <Filter>Header Files</Filter>
    </ClInclude>
    <ClInclude Include="ledDriver.h">
      <Filter>Header Files</Filter>
    </ClInclude>
    <ClInclude Include="snapshotTime.h">
      <Filter>Header Files</Filter>
    </ClInclude>
    <ClInclude Include="ledPattern.h">
      <Filter>Header Files</Filter>
    </ClInclude>
    <ClInclude Include="debug.h">
      <Filter>Header Files</Filter>
    </ClInclude>
    <ClInclude Include="lightList.h">
      <Filter>Header Files</Filter>
    </ClInclude>
    <ClInclude Include="..\..\..\..\..\..\Program Files (x86)\Arduino\hardware\arduino\avr\cores\arduino\Arduino.h">
      <Filter>src\_micro-api-readonly\core</Filter>
    </ClInclude>
    <ClInclude Include="..\..\..\..\..\..\Program Files (x86)\Arduino\hardware\arduino\avr\cores\arduino\binary.h">
      <Filter>src\_micro-api-readonly\core</Filter>
    </ClInclude>
    <ClInclude Include="..\..\..\..\..\..\Program Files (x86)\Arduino\hardware\arduino\avr\cores\arduino\Client.h">
      <Filter>src\_micro-api-readonly\core</Filter>
    </ClInclude>
    <ClInclude Include="..\..\..\..\..\..\Program Files (x86)\Arduino\hardware\arduino\avr\cores\arduino\HardwareSerial.h">
      <Filter>src\_micro-api-readonly\core</Filter>
    </ClInclude>
    <ClInclude Include="..\..\..\..\..\..\Program Files (x86)\Arduino\hardware\arduino\avr\cores\arduino\HardwareSerial_private.h">
      <Filter>src\_micro-api-readonly\core</Filter>
    </ClInclude>
    <ClInclude Include="..\..\..\..\..\..\Program Files (x86)\Arduino\hardware\arduino\avr\cores\arduino\IPAddress.h">
      <Filter>src\_micro-api-readonly\core</Filter>
    </ClInclude>
    <ClInclude Include="..\..\..\..\..\..\Program Files (x86)\Arduino\hardware\arduino\avr\cores\arduino\new.h">
      <Filter>src\_micro-api-readonly\core</Filter>
    </ClInclude>
    <ClInclude Include="..\..\..\..\..\..\Program Files (x86)\Arduino\hardware\arduino\avr\cores\arduino\PluggableUSB.h">
      <Filter>src\_micro-api-readonly\core</Filter>
    </ClInclude>
    <ClInclude Include="..\..\..\..\..\..\Program Files (x86)\Arduino\hardware\arduino\avr\cores\arduino\Print.h">
      <Filter>src\_micro-api-readonly\core</Filter>
    </ClInclude>
    <ClInclude Include="..\..\..\..\..\..\Program Files (x86)\Arduino\hardware\arduino\avr\cores\arduino\Printable.h">
      <Filter>src\_micro-api-readonly\core</Filter>
    </ClInclude>
    <ClInclude Include="..\..\..\..\..\..\Program Files (x86)\Arduino\hardware\arduino\avr\cores\arduino\Server.h">
      <Filter>src\_micro-api-readonly\core</Filter>
    </ClInclude>
    <ClInclude Include="..\..\..\..\..\..\Program Files (x86)\Arduino\hardware\arduino\avr\cores\arduino\Stream.h">
      <Filter>src\_micro-api-readonly\core</Filter>
    </ClInclude>
    <ClInclude Include="..\..\..\..\..\..\Program Files (x86)\Arduino\hardware\arduino\avr\cores\arduino\Udp.h">
      <Filter>src\_micro-api-readonly\core</Filter>
    </ClInclude>
    <ClInclude Include="..\..\..\..\..\..\Program Files (x86)\Arduino\hardware\arduino\avr\cores\arduino\USBAPI.h">
      <Filter>src\_micro-api-readonly\core</Filter>
    </ClInclude>
    <ClInclude Include="..\..\..\..\..\..\Program Files (x86)\Arduino\hardware\arduino\avr\cores\arduino\USBCore.h">
      <Filter>src\_micro-api-readonly\core</Filter>
    </ClInclude>
    <ClInclude Include="..\..\..\..\..\..\Program Files (x86)\Arduino\hardware\arduino\avr\cores\arduino\USBDesc.h">
      <Filter>src\_micro-api-readonly\core</Filter>
    </ClInclude>
    <ClInclude Include="..\..\..\..\..\..\Program Files (x86)\Arduino\hardware\arduino\avr\cores\arduino\WCharacter.h">
      <Filter>src\_micro-api-readonly\core</Filter>
    </ClInclude>
    <ClInclude Include="..\..\..\..\..\..\Program Files (x86)\Arduino\hardware\arduino\avr\cores\arduino\wiring_private.h">
      <Filter>src\_micro-api-readonly\core</Filter>
    </ClInclude>
    <ClInclude Include="..\..\..\..\..\..\Program Files (x86)\Arduino\hardware\arduino\avr\cores\arduino\WString.h">
      <Filter>src\_micro-api-readonly\core</Filter>
    </ClInclude>
    <ClInclude Include="..\..\..\..\..\..\Program Files (x86)\Arduino\hardware\arduino\avr\variants\standard\pins_arduino.h">
      <Filter>src\_micro-api-readonly\variants\standard</Filter>
    </ClInclude>
    <ClInclude Include="..\..\libraries\RTClib-master\RTClib.h">
      <Filter>src\_micro-api-readonly\libraries\RTClib-master</Filter>
    </ClInclude>
    <ClInclude Include="..\..\..\..\..\..\Program Files (x86)\Arduino\hardware\arduino\avr\libraries\Wire\src\Wire.h">
      <Filter>src\_micro-api-readonly\libraries\Wire\src</Filter>
    </ClInclude>
    <ClInclude Include="..\..\..\..\..\..\Program Files (x86)\Arduino\hardware\arduino\avr\libraries\Wire\src\utility\twi.h">
      <Filter>src\_micro-api-readonly\libraries\Wire\src\utility</Filter>
    </ClInclude>
    <ClInclude Include="__vm\.SimpleSerial2.vsarduino.h">
      <Filter>Header Files</Filter>
    </ClInclude>
  </ItemGroup>
  <ItemGroup>
    <ClCompile Include="perfStat.cpp">
      <Filter>Source Files</Filter>
    </ClCompile>
    <ClCompile Include="Lfsr.cpp">
      <Filter>Source Files</Filter>
    </ClCompile>
    <ClCompile Include="timer.cpp">
      <Filter>Source Files</Filter>
    </ClCompile>
    <ClCompile Include="scheduler.cpp">
      <Filter>Source Files</Filter>
    </ClCompile>
    <ClCompile Include="rtc.cpp">
      <Filter>Source Files</Filter>
    </ClCompile>
    <ClCompile Include="ledDriver.cpp">
      <Filter>Source Files</Filter>
    </ClCompile>
    <ClCompile Include="ledPattern.cpp">
      <Filter>Source Files</Filter>
    </ClCompile>
    <ClCompile Include="..\..\..\..\..\..\Program Files (x86)\Arduino\hardware\arduino\avr\cores\arduino\abi.cpp">
      <Filter>src\_micro-api-readonly\core</Filter>
    </ClCompile>
    <ClCompile Include="..\..\..\..\..\..\Program Files (x86)\Arduino\hardware\arduino\avr\cores\arduino\CDC.cpp">
      <Filter>src\_micro-api-readonly\core</Filter>
    </ClCompile>
    <ClCompile Include="..\..\..\..\..\..\Program Files (x86)\Arduino\hardware\arduino\avr\cores\arduino\HardwareSerial.cpp">
      <Filter>src\_micro-api-readonly\core</Filter>
    </ClCompile>
    <ClCompile Include="..\..\..\..\..\..\Program Files (x86)\Arduino\hardware\arduino\avr\cores\arduino\HardwareSerial0.cpp">
      <Filter>src\_micro-api-readonly\core</Filter>
    </ClCompile>
    <ClCompile Include="..\..\..\..\..\..\Program Files (x86)\Arduino\hardware\arduino\avr\cores\arduino\HardwareSerial1.cpp">
      <Filter>src\_micro-api-readonly\core</Filter>
    </ClCompile>
    <ClCompile Include="..\..\..\..\..\..\Program Files (x86)\Arduino\hardware\arduino\avr\cores\arduino\HardwareSerial2.cpp">
      <Filter>src\_micro-api-readonly\core</Filter>
    </ClCompile>
    <ClCompile Include="..\..\..\..\..\..\Program Files (x86)\Arduino\hardware\arduino\avr\cores\arduino\HardwareSerial3.cpp">
      <Filter>src\_micro-api-readonly\core</Filter>
    </ClCompile>
    <ClCompile Include="..\..\..\..\..\..\Program Files (x86)\Arduino\hardware\arduino\avr\cores\arduino\hooks.c">
      <Filter>src\_micro-api-readonly\core</Filter>
    </ClCompile>
    <ClCompile Include="..\..\..\..\..\..\Program Files (x86)\Arduino\hardware\arduino\avr\cores\arduino\IPAddress.cpp">
      <Filter>src\_micro-api-readonly\core</Filter>
    </ClCompile>
    <ClCompile Include="..\..\..\..\..\..\Program Files (x86)\Arduino\hardware\arduino\avr\cores\arduino\main.cpp">
      <Filter>src\_micro-api-readonly\core</Filter>
    </ClCompile>
    <ClCompile Include="..\..\..\..\..\..\Program Files (x86)\Arduino\hardware\arduino\avr\cores\arduino\new.cpp">
      <Filter>src\_micro-api-readonly\core</Filter>
    </ClCompile>
    <ClCompile Include="..\..\..\..\..\..\Program Files (x86)\Arduino\hardware\arduino\avr\cores\arduino\PluggableUSB.cpp">
      <Filter>src\_micro-api-readonly\core</Filter>
    </ClCompile>
    <ClCompile Include="..\..\..\..\..\..\Program Files (x86)\Arduino\hardware\arduino\avr\cores\arduino\Print.cpp">
      <Filter>src\_micro-api-readonly\core</Filter>
    </ClCompile>
    <ClCompile Include="..\..\..\..\..\..\Program Files (x86)\Arduino\hardware\arduino\avr\cores\arduino\Stream.cpp">
      <Filter>src\_micro-api-readonly\core</Filter>
    </ClCompile>
    <ClCompile Include="..\..\..\..\..\..\Program Files (x86)\Arduino\hardware\arduino\avr\cores\arduino\Tone.cpp">
      <Filter>src\_micro-api-readonly\core</Filter>
    </ClCompile>
    <ClCompile Include="..\..\..\..\..\..\Program Files (x86)\Arduino\hardware\arduino\avr\cores\arduino\USBCore.cpp">
      <Filter>src\_micro-api-readonly\core</Filter>
    </ClCompile>
    <ClCompile Include="..\..\..\..\..\..\Program Files (x86)\Arduino\hardware\arduino\avr\cores\arduino\WInterrupts.c">
      <Filter>src\_micro-api-readonly\core</Filter>
    </ClCompile>
    <ClCompile Include="..\..\..\..\..\..\Program Files (x86)\Arduino\hardware\arduino\avr\cores\arduino\wiring.c">
      <Filter>src\_micro-api-readonly\core</Filter>
    </ClCompile>
    <ClCompile Include="..\..\..\..\..\..\Program Files (x86)\Arduino\hardware\arduino\avr\cores\arduino\wiring_analog.c">
      <Filter>src\_micro-api-readonly\core</Filter>
    </ClCompile>
    <ClCompile Include="..\..\..\..\..\..\Program Files (x86)\Arduino\hardware\arduino\avr\cores\arduino\wiring_digital.c">
      <Filter>src\_micro-api-readonly\core</Filter>
    </ClCompile>
    <ClCompile Include="..\..\..\..\..\..\Program Files (x86)\Arduino\hardware\arduino\avr\cores\arduino\wiring_pulse.c">
      <Filter>src\_micro-api-readonly\core</Filter>
    </ClCompile>
    <ClCompile Include="..\..\..\..\..\..\Program Files (x86)\Arduino\hardware\arduino\avr\cores\arduino\wiring_shift.c">
      <Filter>src\_micro-api-readonly\core</Filter>
    </ClCompile>
    <ClCompile Include="..\..\..\..\..\..\Program Files (x86)\Arduino\hardware\arduino\avr\cores\arduino\WMath.cpp">
      <Filter>src\_micro-api-readonly\core</Filter>
    </ClCompile>
    <ClCompile Include="..\..\..\..\..\..\Program Files (x86)\Arduino\hardware\arduino\avr\cores\arduino\WString.cpp">
      <Filter>src\_micro-api-readonly\core</Filter>
    </ClCompile>
    <ClCompile Include="..\..\libraries\RTClib-master\RTClib.cpp">
      <Filter>src\_micro-api-readonly\libraries\RTClib-master</Filter>
    </ClCompile>
    <ClCompile Include="..\..\..\..\..\..\Program Files (x86)\Arduino\hardware\arduino\avr\libraries\Wire\src\Wire.cpp">
      <Filter>src\_micro-api-readonly\libraries\Wire\src</Filter>
    </ClCompile>
    <ClCompile Include="..\..\..\..\..\..\Program Files (x86)\Arduino\hardware\arduino\avr\libraries\Wire\src\utility\twi.c">
      <Filter>src\_micro-api-readonly\libraries\Wire\src\utility</Filter>
    </ClCompile>
  </ItemGroup>
  <ItemGroup>
    <Text Include="..\..\libraries\RTClib-master\keywords.txt">
      <Filter>src\_micro-api-readonly\libraries\RTClib-master</Filter>
    </Text>
    <Text Include="..\..\..\..\..\..\Program Files (x86)\Arduino\hardware\arduino\avr\libraries\Wire\keywords.txt">
      <Filter>src\_micro-api-readonly\libraries\Wire</Filter>
    </Text>
  </ItemGroup>
</Project>